// !$*UTF8*$!
{
  archiveVersion = 1;
  classes = {};
  objectVersion = 55;
  objects = {
    /* Project object */
    EE02860BD310485B9C065476 /* Project */ = {isa = PBXProject; attributes = {LastUpgradeCheck = 1330;}; buildConfigurationList = 92079FEB8AD14FD7BDC31070; compatibilityVersion = "Xcode 14.0"; developmentRegion = en; hasScannedForEncodings = 0; knownRegions = ( en, ); mainGroup = 2928056D998A447AB82F3220; productRefGroup = 6095D0BD0BC34936B6292B4F; projectDirPath = ""; projectRoot = ""; targets = ( 857FB814DDB14FFBBB38276B ); };
    /* Main group */
    2928056D998A447AB82F3220 = {isa = PBXGroup; children = (); path = ""; sourceTree = "<group>"; };
    6095D0BD0BC34936B6292B4F = {isa = PBXGroup; children = (); name = "Resources"; sourceTree = "<group>"; };
    /* PBXNativeTarget */
    857FB814DDB14FFBBB38276B /* JustInTime */ = {isa = PBXNativeTarget; buildConfigurationList = 92079FEB8AD14FD7BDC31070; dependencies = (); name = "JustInTime"; productName = "JustInTime"; productReference = EE02860BD310485B9C065476_product; productType = "com.apple.product-type.application"; };
    /* Build configuration list */
    92079FEB8AD14FD7BDC31070 = {isa = XCConfigurationList; buildConfigurations = ( DEA836376B994E9CB89FF634, 46A72ACED60E48CF9D336A70 ); defaultConfigurationIsVisible = 0; defaultConfigurationName = Release; };
    DEA836376B994E9CB89FF634 = {isa = XCBuildConfiguration; buildSettings = { DEVELOPMENT_TEAM = ""; INFOPLIST_FILE = "JustInTime/Info.plist"; PRODUCT_BUNDLE_IDENTIFIER = "com.antoine.justintime"; PRODUCT_NAME = "JustInTime"; SDKROOT = iphoneos; TARGETED_DEVICE_FAMILY = "1,2"; IPHONEOS_DEPLOYMENT_TARGET = 17.0; }; name = Debug; };
    46A72ACED60E48CF9D336A70 = {isa = XCBuildConfiguration; buildSettings = { DEVELOPMENT_TEAM = ""; INFOPLIST_FILE = "JustInTime/Info.plist"; PRODUCT_BUNDLE_IDENTIFIER = "com.antoine.justintime"; PRODUCT_NAME = "JustInTime"; SDKROOT = iphoneos; TARGETED_DEVICE_FAMILY = "1,2"; IPHONEOS_DEPLOYMENT_TARGET = 17.0; }; name = Release; };
  };
  rootObject = EE02860BD310485B9C065476;
}
